
Microsoft Visual Studio Solution File, Format Version 12.00
# Visual Studio 15
VisualStudioVersion = 15.0.27703.2018
MinimumVisualStudioVersion = 10.0.40219.1
Project("{FAE04EC0-301F-11D3-BF4B-00C04F79EFBC}") = "WarBender", "WarBender\WarBender.csproj", "{F3C14A36-B5DC-4341-ADBD-F5340A31FD3A}"
EndProject
Project("{FAE04EC0-301F-11D3-BF4B-00C04F79EFBC}") = "WarBender.UI", "WarBender.UI\WarBender.UI.csproj", "{0D3E0321-6ED3-4ABC-956C-7E20272767F8}"
EndProject
Global
	GlobalSection(SolutionConfigurationPlatforms) = preSolution
		Debug|Any CPU = Debug|Any CPU
		Release|Any CPU = Release|Any CPU
	EndGlobalSection
	GlobalSection(ProjectConfigurationPlatforms) = postSolution
		{F3C14A36-B5DC-4341-ADBD-F5340A31FD3A}.Debug|Any CPU.ActiveCfg = Debug|Any CPU
		{F3C14A36-B5DC-4341-ADBD-F5340A31FD3A}.Debug|Any CPU.Build.0 = Debug|Any CPU
		{F3C14A36-B5DC-4341-ADBD-F5340A31FD3A}.Release|Any CPU.ActiveCfg = Release|Any CPU
		{F3C14A36-B5DC-4341-ADBD-F5340A31FD3A}.Release|Any CPU.Build.0 = Release|Any CPU
		{0D3E0321-6ED3-4ABC-956C-7E20272767F8}.Debug|Any CPU.ActiveCfg = Debug|Any CPU
		{0D3E0321-6ED3-4ABC-956C-7E20272767F8}.Debug|Any CPU.Build.0 = Debug|Any CPU
		{0D3E0321-6ED3-4ABC-956C-7E20272767F8}.Release|Any CPU.ActiveCfg = Release|Any CPU
		{0D3E0321-6ED3-4ABC-956C-7E20272767F8}.Release|Any CPU.Build.0 = Release|Any CPU
	EndGlobalSection
	GlobalSection(SolutionProperties) = preSolution
		HideSolutionNode = FALSE
	EndGlobalSection
	GlobalSection(ExtensibilityGlobals) = postSolution
		SolutionGuid = {E442D8C3-E1B3-4E77-84FC-ADC883A23387}
	EndGlobalSection
EndGlobal
